// !$*UTF8*$!
{
	archiveVersion = 1;
	classes = {
	};
	objectVersion = 50;
	objects = {

/* Begin PBXBuildFile section */
		266C774820CE756200CEC666 /* AppDelegate.m in Sources */ = {isa = PBXBuildFile; fileRef = 266C774720CE756200CEC666 /* AppDelegate.m */; };
		266C774B20CE756200CEC666 /* ViewController.m in Sources */ = {isa = PBXBuildFile; fileRef = 266C774A20CE756200CEC666 /* ViewController.m */; };
		266C774E20CE756200CEC666 /* Main.storyboard in Resources */ = {isa = PBXBuildFile; fileRef = 266C774C20CE756200CEC666 /* Main.storyboard */; };
		266C775020CE756300CEC666 /* Assets.xcassets in Resources */ = {isa = PBXBuildFile; fileRef = 266C774F20CE756300CEC666 /* Assets.xcassets */; };
		266C775320CE756300CEC666 /* LaunchScreen.storyboard in Resources */ = {isa = PBXBuildFile; fileRef = 266C775120CE756300CEC666 /* LaunchScreen.storyboard */; };
		266C775620CE756300CEC666 /* main.m in Sources */ = {isa = PBXBuildFile; fileRef = 266C775520CE756300CEC666 /* main.m */; };
		266C776020CE756300CEC666 /* AttributedStringToolTests.m in Sources */ = {isa = PBXBuildFile; fileRef = 266C775F20CE756300CEC666 /* AttributedStringToolTests.m */; };
		266C776B20CE756300CEC666 /* AttributedStringToolUITests.m in Sources */ = {isa = PBXBuildFile; fileRef = 266C776A20CE756300CEC666 /* AttributedStringToolUITests.m */; };
		266C777A20CE757100CEC666 /* KBAttributedStringTool.m in Sources */ = {isa = PBXBuildFile; fileRef = 266C777920CE757100CEC666 /* KBAttributedStringTool.m */; };
/* End PBXBuildFile section */

/* Begin PBXContainerItemProxy section */
		266C775C20CE756300CEC666 /* PBXContainerItemProxy */ = {
			isa = PBXContainerItemProxy;
			containerPortal = 266C773B20CE756200CEC666 /* Project object */;
			proxyType = 1;
			remoteGlobalIDString = 266C774220CE756200CEC666;
			remoteInfo = AttributedStringTool;
		};
		266C776720CE756300CEC666 /* PBXContainerItemProxy */ = {
			isa = PBXContainerItemProxy;
			containerPortal = 266C773B20CE756200CEC666 /* Project object */;
			proxyType = 1;
			remoteGlobalIDString = 266C774220CE756200CEC666;
			remoteInfo = AttributedStringTool;
		};
/* End PBXContainerItemProxy section */

/* Begin PBXFileReference section */
		266C774320CE756200CEC666 /* AttributedStringTool.app */ = {isa = PBXFileReference; explicitFileType = wrapper.application; includeInIndex = 0; path = AttributedStringTool.app; sourceTree = BUILT_PRODUCTS_DIR; };
		266C774620CE756200CEC666 /* AppDelegate.h */ = {isa = PBXFileReference; lastKnownFileType = sourcecode.c.h; path = AppDelegate.h; sourceTree = "<group>"; };
		266C774720CE756200CEC666 /* AppDelegate.m */ = {isa = PBXFileReference; lastKnownFileType = sourcecode.c.objc; path = AppDelegate.m; sourceTree = "<group>"; };
		266C774920CE756200CEC666 /* ViewController.h */ = {isa = PBXFileReference; lastKnownFileType = sourcecode.c.h; path = ViewController.h; sourceTree = "<group>"; };
		266C774A20CE756200CEC666 /* ViewController.m */ = {isa = PBXFileReference; lastKnownFileType = sourcecode.c.objc; path = ViewController.m; sourceTree = "<group>"; };
		266C774D20CE756200CEC666 /* Base */ = {isa = PBXFileReference; lastKnownFileType = file.storyboard; name = Base; path = Base.lproj/Main.storyboard; sourceTree = "<group>"; };
		266C774F20CE756300CEC666 /* Assets.xcassets */ = {isa = PBXFileReference; lastKnownFileType = folder.assetcatalog; path = Assets.xcassets; sourceTree = "<group>"; };
		266C775220CE756300CEC666 /* Base */ = {isa = PBXFileReference; lastKnownFileType = file.storyboard; name = Base; path = Base.lproj/LaunchScreen.storyboard; sourceTree = "<group>"; };
		266C775420CE756300CEC666 /* Info.plist */ = {isa = PBXFileReference; lastKnownFileType = text.plist.xml; path = Info.plist; sourceTree = "<group>"; };
		266C775520CE756300CEC666 /* main.m */ = {isa = PBXFileReference; lastKnownFileType = sourcecode.c.objc; path = main.m; sourceTree = "<group>"; };
		266C775B20CE756300CEC666 /* AttributedStringToolTests.xctest */ = {isa = PBXFileReference; explicitFileType = wrapper.cfbundle; includeInIndex = 0; path = AttributedStringToolTests.xctest; sourceTree = BUILT_PRODUCTS_DIR; };
		266C775F20CE756300CEC666 /* AttributedStringToolTests.m */ = {isa = PBXFileReference; lastKnownFileType = sourcecode.c.objc; path = AttributedStringToolTests.m; sourceTree = "<group>"; };
		266C776120CE756300CEC666 /* Info.plist */ = {isa = PBXFileReference; lastKnownFileType = text.plist.xml; path = Info.plist; sourceTree = "<group>"; };
		266C776620CE756300CEC666 /* AttributedStringToolUITests.xctest */ = {isa = PBXFileReference; explicitFileType = wrapper.cfbundle; includeInIndex = 0; path = AttributedStringToolUITests.xctest; sourceTree = BUILT_PRODUCTS_DIR; };
		266C776A20CE756300CEC666 /* AttributedStringToolUITests.m */ = {isa = PBXFileReference; lastKnownFileType = sourcecode.c.objc; path = AttributedStringToolUITests.m; sourceTree = "<group>"; };
		266C776C20CE756400CEC666 /* Info.plist */ = {isa = PBXFileReference; lastKnownFileType = text.plist.xml; path = Info.plist; sourceTree = "<group>"; };
		266C777820CE757100CEC666 /* KBAttributedStringTool.h */ = {isa = PBXFileReference; fileEncoding = 4; lastKnownFileType = sourcecode.c.h; path = KBAttributedStringTool.h; sourceTree = "<group>"; };
		266C777920CE757100CEC666 /* KBAttributedStringTool.m */ = {isa = PBXFileReference; fileEncoding = 4; lastKnownFileType = sourcecode.c.objc; path = KBAttributedStringTool.m; sourceTree = "<group>"; };
/* End PBXFileReference section */

/* Begin PBXFrameworksBuildPhase section */
		266C774020CE756200CEC666 /* Frameworks */ = {
			isa = PBXFrameworksBuildPhase;
			buildActionMask = 2147483647;
			files = (
			);
			runOnlyForDeploymentPostprocessing = 0;
		};
		266C775820CE756300CEC666 /* Frameworks */ = {
			isa = PBXFrameworksBuildPhase;
			buildActionMask = 2147483647;
			files = (
			);
			runOnlyForDeploymentPostprocessing = 0;
		};
		266C776320CE756300CEC666 /* Frameworks */ = {
			isa = PBXFrameworksBuildPhase;
			buildActionMask = 2147483647;
			files = (
			);
			runOnlyForDeploymentPostprocessing = 0;
		};
/* End PBXFrameworksBuildPhase section */

/* Begin PBXGroup section */
		266C773A20CE756200CEC666 = {
			isa = PBXGroup;
			children = (
				266C774520CE756200CEC666 /* AttributedStringTool */,
				266C775E20CE756300CEC666 /* AttributedStringToolTests */,
				266C776920CE756300CEC666 /* AttributedStringToolUITests */,
				266C774420CE756200CEC666 /* Products */,
			);
			sourceTree = "<group>";
		};
		266C774420CE756200CEC666 /* Products */ = {
			isa = PBXGroup;
			children = (
				266C774320CE756200CEC666 /* AttributedStringTool.app */,
				266C775B20CE756300CEC666 /* AttributedStringToolTests.xctest */,
				266C776620CE756300CEC666 /* AttributedStringToolUITests.xctest */,
			);
			name = Products;
			sourceTree = "<group>";
		};
		266C774520CE756200CEC666 /* AttributedStringTool */ = {
			isa = PBXGroup;
			children = (
				266C774620CE756200CEC666 /* AppDelegate.h */,
				266C774720CE756200CEC666 /* AppDelegate.m */,
				266C774920CE756200CEC666 /* ViewController.h */,
				266C774A20CE756200CEC666 /* ViewController.m */,
				266C777820CE757100CEC666 /* KBAttributedStringTool.h */,
				266C777920CE757100CEC666 /* KBAttributedStringTool.m */,
				266C774C20CE756200CEC666 /* Main.storyboard */,
				266C774F20CE756300CEC666 /* Assets.xcassets */,
				266C775120CE756300CEC666 /* LaunchScreen.storyboard */,
				266C775420CE756300CEC666 /* Info.plist */,
				266C775520CE756300CEC666 /* main.m */,
			);
			path = AttributedStringTool;
			sourceTree = "<group>";
		};
		266C775E20CE756300CEC666 /* AttributedStringToolTests */ = {
			isa = PBXGroup;
			children = (
				266C775F20CE756300CEC666 /* AttributedStringToolTests.m */,
				266C776120CE756300CEC666 /* Info.plist */,
			);
			path = AttributedStringToolTests;
			sourceTree = "<group>";
		};
		266C776920CE756300CEC666 /* AttributedStringToolUITests */ = {
			isa = PBXGroup;
			children = (
				266C776A20CE756300CEC666 /* AttributedStringToolUITests.m */,
				266C776C20CE756400CEC666 /* Info.plist */,
			);
			path = AttributedStringToolUITests;
			sourceTree = "<group>";
		};
/* End PBXGroup section */

/* Begin PBXNativeTarget section */
		266C774220CE756200CEC666 /* AttributedStringTool */ = {
			isa = PBXNativeTarget;
			buildConfigurationList = 266C776F20CE756400CEC666 /* Build configuration list for PBXNativeTarget "AttributedStringTool" */;
			buildPhases = (
				266C773F20CE756200CEC666 /* Sources */,
				266C774020CE756200CEC666 /* Frameworks */,
				266C774120CE756200CEC666 /* Resources */,
			);
			buildRules = (
			);
			dependencies = (
			);
			name = AttributedStringTool;
			productName = AttributedStringTool;
			productReference = 266C774320CE756200CEC666 /* AttributedStringTool.app */;
			productType = "com.apple.product-type.application";
		};
		266C775A20CE756300CEC666 /* AttributedStringToolTests */ = {
			isa = PBXNativeTarget;
			buildConfigurationList = 266C777220CE756400CEC666 /* Build configuration list for PBXNativeTarget "AttributedStringToolTests" */;
			buildPhases = (
				266C775720CE756300CEC666 /* Sources */,
				266C775820CE756300CEC666 /* Frameworks */,
				266C775920CE756300CEC666 /* Resources */,
			);
			buildRules = (
			);
			dependencies = (
				266C775D20CE756300CEC666 /* PBXTargetDependency */,
			);
			name = AttributedStringToolTests;
			productName = AttributedStringToolTests;
			productReference = 266C775B20CE756300CEC666 /* AttributedStringToolTests.xctest */;
			productType = "com.apple.product-type.bundle.unit-test";
		};
		266C776520CE756300CEC666 /* AttributedStringToolUITests */ = {
			isa = PBXNativeTarget;
			buildConfigurationList = 266C777520CE756400CEC666 /* Build configuration list for PBXNativeTarget "AttributedStringToolUITests" */;
			buildPhases = (
				266C776220CE756300CEC666 /* Sources */,
				266C776320CE756300CEC666 /* Frameworks */,
				266C776420CE756300CEC666 /* Resources */,
			);
			buildRules = (
			);
			dependencies = (
				266C776820CE756300CEC666 /* PBXTargetDependency */,
			);
			name = AttributedStringToolUITests;
			productName = AttributedStringToolUITests;
			productReference = 266C776620CE756300CEC666 /* AttributedStringToolUITests.xctest */;
			productType = "com.apple.product-type.bundle.ui-testing";
		};
/* End PBXNativeTarget section */

/* Begin PBXProject section */
		266C773B20CE756200CEC666 /* Project object */ = {
			isa = PBXProject;
			attributes = {
				LastUpgradeCheck = 0930;
				ORGANIZATIONNAME = yuyang;
				TargetAttributes = {
					266C774220CE756200CEC666 = {
						CreatedOnToolsVersion = 9.3;
					};
					266C775A20CE756300CEC666 = {
						CreatedOnToolsVersion = 9.3;
						TestTargetID = 266C774220CE756200CEC666;
					};
					266C776520CE756300CEC666 = {
						CreatedOnToolsVersion = 9.3;
						TestTargetID = 266C774220CE756200CEC666;
					};
				};
			};
			buildConfigurationList = 266C773E20CE756200CEC666 /* Build configuration list for PBXProject "AttributedStringTool" */;
			compatibilityVersion = "Xcode 9.3";
			developmentRegion = en;
			hasScannedForEncodings = 0;
			knownRegions = (
				en,
				Base,
			);
			mainGroup = 266C773A20CE756200CEC666;
			productRefGroup = 266C774420CE756200CEC666 /* Products */;
			projectDirPath = "";
			projectRoot = "";
			targets = (
				266C774220CE756200CEC666 /* AttributedStringTool */,
				266C775A20CE756300CEC666 /* AttributedStringToolTests */,
				266C776520CE756300CEC666 /* AttributedStringToolUITests */,
			);
		};
/* End PBXProject section */

/* Begin PBXResourcesBuildPhase section */
		266C774120CE756200CEC666 /* Resources */ = {
			isa = PBXResourcesBuildPhase;
			buildActionMask = 2147483647;
			files = (
				266C775320CE756300CEC666 /* LaunchScreen.storyboard in Resources */,
				266C775020CE756300CEC666 /* Assets.xcassets in Resources */,
				266C774E20CE756200CEC666 /* Main.storyboard in Resources */,
			);
			runOnlyForDeploymentPostprocessing = 0;
		};
		266C775920CE756300CEC666 /* Resources */ = {
			isa = PBXResourcesBuildPhase;
			buildActionMask = 2147483647;
			files = (
			);
			runOnlyForDeploymentPostprocessing = 0;
		};
		266C776420CE756300CEC666 /* Resources */ = {
			isa = PBXResourcesBuildPhase;
			buildActionMask = 2147483647;
			files = (
			);
			runOnlyForDeploymentPostprocessing = 0;
		};
/* End PBXResourcesBuildPhase section */

/* Begin PBXSourcesBuildPhase section */
		266C773F20CE756200CEC666 /* Sources */ = {
			isa = PBXSourcesBuildPhase;
			buildActionMask = 2147483647;
			files = (
				266C774B20CE756200CEC666 /* ViewController.m in Sources */,
				266C777A20CE757100CEC666 /* KBAttributedStringTool.m in Sources */,
				266C775620CE756300CEC666 /* main.m in Sources */,
				266C774820CE756200CEC666 /* AppDelegate.m in Sources */,
			);
			runOnlyForDeploymentPostprocessing = 0;
		};
		266C775720CE756300CEC666 /* Sources */ = {
			isa = PBXSourcesBuildPhase;
			buildActionMask = 2147483647;
			files = (
				266C776020CE756300CEC666 /* AttributedStringToolTests.m in Sources */,
			);
			runOnlyForDeploymentPostprocessing = 0;
		};
		266C776220CE756300CEC666 /* Sources */ = {
			isa = PBXSourcesBuildPhase;
			buildActionMask = 2147483647;
			files = (
				266C776B20CE756300CEC666 /* AttributedStringToolUITests.m in Sources */,
			);
			runOnlyForDeploymentPostprocessing = 0;
		};
/* End PBXSourcesBuildPhase section */

/* Begin PBXTargetDependency section */
		266C775D20CE756300CEC666 /* PBXTargetDependency */ = {
			isa = PBXTargetDependency;
			target = 266C774220CE756200CEC666 /* AttributedStringTool */;
			targetProxy = 266C775C20CE756300CEC666 /* PBXContainerItemProxy */;
		};
		266C776820CE756300CEC666 /* PBXTargetDependency */ = {
			isa = PBXTargetDependency;
			target = 266C774220CE756200CEC666 /* AttributedStringTool */;
			targetProxy = 266C776720CE756300CEC666 /* PBXContainerItemProxy */;
		};
/* End PBXTargetDependency section */

/* Begin PBXVariantGroup section */
		266C774C20CE756200CEC666 /* Main.storyboard */ = {
			isa = PBXVariantGroup;
			children = (
				266C774D20CE756200CEC666 /* Base */,
			);
			name = Main.storyboard;
			sourceTree = "<group>";
		};
		266C775120CE756300CEC666 /* LaunchScreen.storyboard */ = {
			isa = PBXVariantGroup;
			children = (
				266C775220CE756300CEC666 /* Base */,
			);
			name = LaunchScreen.storyboard;
			sourceTree = "<group>";
		};
/* End PBXVariantGroup section */

/* Begin XCBuildConfiguration section */
		266C776D20CE756400CEC666 /* Debug */ = {
			isa = XCBuildConfiguration;
			buildSettings = {
				ALWAYS_SEARCH_USER_PATHS = NO;
				CLANG_ANALYZER_NONNULL = YES;
				CLANG_ANALYZER_NUMBER_OBJECT_CONVERSION = YES_AGGRESSIVE;
				CLANG_CXX_LANGUAGE_STANDARD = "gnu++14";
				CLANG_CXX_LIBRARY = "libc++";
				CLANG_ENABLE_MODULES = YES;
				CLANG_ENABLE_OBJC_ARC = YES;
				CLANG_ENABLE_OBJC_WEAK = YES;
				CLANG_WARN_BLOCK_CAPTURE_AUTORELEASING = YES;
				CLANG_WARN_BOOL_CONVERSION = YES;
				CLANG_WARN_COMMA = YES;
				CLANG_WARN_CONSTANT_CONVERSION = YES;
				CLANG_WARN_DEPRECATED_OBJC_IMPLEMENTATIONS = YES;
				CLANG_WARN_DIRECT_OBJC_ISA_USAGE = YES_ERROR;
				CLANG_WARN_DOCUMENTATION_COMMENTS = YES;
				CLANG_WARN_EMPTY_BODY = YES;
				CLANG_WARN_ENUM_CONVERSION = YES;
				CLANG_WARN_INFINITE_RECURSION = YES;
				CLANG_WARN_INT_CONVERSION = YES;
				CLANG_WARN_NON_LITERAL_NULL_CONVERSION = YES;
				CLANG_WARN_OBJC_IMPLICIT_RETAIN_SELF = YES;
				CLANG_WARN_OBJC_LITERAL_CONVERSION = YES;
				CLANG_WARN_OBJC_ROOT_CLASS = YES_ERROR;
				CLANG_WARN_RANGE_LOOP_ANALYSIS = YES;
				CLANG_WARN_STRICT_PROTOTYPES = YES;
				CLANG_WARN_SUSPICIOUS_MOVE = YES;
				CLANG_WARN_UNGUARDED_AVAILABILITY = YES_AGGRESSIVE;
				CLANG_WARN_UNREACHABLE_CODE = YES;
				CLANG_WARN__DUPLICATE_METHOD_MATCH = YES;
				CODE_SIGN_IDENTITY = "iPhone Developer";
				COPY_PHASE_STRIP = NO;
				DEBUG_INFORMATION_FORMAT = dwarf;
				ENABLE_STRICT_OBJC_MSGSEND = YES;
				ENABLE_TESTABILITY = YES;
				GCC_C_LANGUAGE_STANDARD = gnu11;
				GCC_DYNAMIC_NO_PIC = NO;
				GCC_NO_COMMON_BLOCKS = YES;
				GCC_OPTIMIZATION_LEVEL = 0;
				GCC_PREPROCESSOR_DEFINITIONS = (
					"DEBUG=1",
					"$(inherited)",
				);
				GCC_WARN_64_TO_32_BIT_CONVERSION = YES;
				GCC_WARN_ABOUT_RETURN_TYPE = YES_ERROR;
				GCC_WARN_UNDECLARED_SELECTOR = YES;
				GCC_WARN_UNINITIALIZED_AUTOS = YES_AGGRESSIVE;
				GCC_WARN_UNUSED_FUNCTION = YES;
				GCC_WARN_UNUSED_VARIABLE = YES;
				IPHONEOS_DEPLOYMENT_TARGET = 11.3;
				MTL_ENABLE_DEBUG_INFO = YES;
				ONLY_ACTIVE_ARCH = YES;
				SDKROOT = iphoneos;
			};
			name = Debug;
		};
		266C776E20CE756400CEC666 /* Release */ = {
			isa = XCBuildConfiguration;
			buildSettings = {
				ALWAYS_SEARCH_USER_PATHS = NO;
				CLANG_ANALYZER_NONNULL = YES;
				CLANG_ANALYZER_NUMBER_OBJECT_CONVERSION = YES_AGGRESSIVE;
				CLANG_CXX_LANGUAGE_STANDARD = "gnu++14";
				CLANG_CXX_LIBRARY = "libc++";
				CLANG_ENABLE_MODULES = YES;
				CLANG_ENABLE_OBJC_ARC = YES;
				CLANG_ENABLE_OBJC_WEAK = YES;
				CLANG_WARN_BLOCK_CAPTURE_AUTORELEASING = YES;
				CLANG_WARN_BOOL_CONVERSION = YES;
				CLANG_WARN_COMMA = YES;
				CLANG_WARN_CONSTANT_CONVERSION = YES;
				CLANG_WARN_DEPRECATED_OBJC_IMPLEMENTATIONS = YES;
				CLANG_WARN_DIRECT_OBJC_ISA_USAGE = YES_ERROR;
				CLANG_WARN_DOCUMENTATION_COMMENTS = YES;
				CLANG_WARN_EMPTY_BODY = YES;
				CLANG_WARN_ENUM_CONVERSION = YES;
				CLANG_WARN_INFINITE_RECURSION = YES;
				CLANG_WARN_INT_CONVERSION = YES;
				CLANG_WARN_NON_LITERAL_NULL_CONVERSION = YES;
				CLANG_WARN_OBJC_IMPLICIT_RETAIN_SELF = YES;
				CLANG_WARN_OBJC_LITERAL_CONVERSION = YES;
				CLANG_WARN_OBJC_ROOT_CLASS = YES_ERROR;
				CLANG_WARN_RANGE_LOOP_ANALYSIS = YES;
				CLANG_WARN_STRICT_PROTOTYPES = YES;
				CLANG_WARN_SUSPICIOUS_MOVE = YES;
				CLANG_WARN_UNGUARDED_AVAILABILITY = YES_AGGRESSIVE;
				CLANG_WARN_UNREACHABLE_CODE = YES;
				CLANG_WARN__DUPLICATE_METHOD_MATCH = YES;
				CODE_SIGN_IDENTITY = "iPhone Developer";
				COPY_PHASE_STRIP = NO;
				DEBUG_INFORMATION_FORMAT = "dwarf-with-dsym";
				ENABLE_NS_ASSERTIONS = NO;
				ENABLE_STRICT_OBJC_MSGSEND = YES;
				GCC_C_LANGUAGE_STANDARD = gnu11;
				GCC_NO_COMMON_BLOCKS = YES;
				GCC_WARN_64_TO_32_BIT_CONVERSION = YES;
				GCC_WARN_ABOUT_RETURN_TYPE = YES_ERROR;
				GCC_WARN_UNDECLARED_SELECTOR = YES;
				GCC_WARN_UNINITIALIZED_AUTOS = YES_AGGRESSIVE;
				GCC_WARN_UNUSED_FUNCTION = YES;
				GCC_WARN_UNUSED_VARIABLE = YES;
				IPHONEOS_DEPLOYMENT_TARGET = 11.3;
				MTL_ENABLE_DEBUG_INFO = NO;
				SDKROOT = iphoneos;
				VALIDATE_PRODUCT = YES;
			};
			name = Release;
		};
		266C777020CE756400CEC666 /* Debug */ = {
			isa = XCBuildConfiguration;
			buildSettings = {
				ASSETCATALOG_COMPILER_APPICON_NAME = AppIcon;
				CODE_SIGN_STYLE = Automatic;
				INFOPLIST_FILE = AttributedStringTool/Info.plist;
				LD_RUNPATH_SEARCH_PATHS = (
					"$(inherited)",
					"@executable_path/Frameworks",
				);
				PRODUCT_BUNDLE_IDENTIFIER = yuyang.AttributedStringTool;
				PRODUCT_NAME = "$(TARGET_NAME)";
				TARGETED_DEVICE_FAMILY = "1,2";
			};
			name = Debug;
		};
		266C777120CE756400CEC666 /* Release */ = {
			isa = XCBuildConfiguration;
			buildSettings = {
				ASSETCATALOG_COMPILER_APPICON_NAME = AppIcon;
				CODE_SIGN_STYLE = Automatic;
				INFOPLIST_FILE = AttributedStringTool/Info.plist;
				LD_RUNPATH_SEARCH_PATHS = (
					"$(inherited)",
					"@executable_path/Frameworks",
				);
				PRODUCT_BUNDLE_IDENTIFIER = yuyang.AttributedStringTool;
				PRODUCT_NAME = "$(TARGET_NAME)";
				TARGETED_DEVICE_FAMILY = "1,2";
			};
			name = Release;
		};
		266C777320CE756400CEC666 /* Debug */ = {
			isa = XCBuildConfiguration;
			buildSettings = {
				BUNDLE_LOADER = "$(TEST_HOST)";
				CODE_SIGN_STYLE = Automatic;
				INFOPLIST_FILE = AttributedStringToolTests/Info.plist;
				LD_RUNPATH_SEARCH_PATHS = (
					"$(inherited)",
					"@executable_path/Frameworks",
					"@loader_path/Frameworks",
				);
				PRODUCT_BUNDLE_IDENTIFIER = yuyang.AttributedStringToolTests;
				PRODUCT_NAME = "$(TARGET_NAME)";
				TARGETED_DEVICE_FAMILY = "1,2";
				TEST_HOST = "$(BUILT_PRODUCTS_DIR)/AttributedStringTool.app/AttributedStringTool";
			};
			name = Debug;
		};
		266C777420CE756400CEC666 /* Release */ = {
			isa = XCBuildConfiguration;
			buildSettings = {
				BUNDLE_LOADER = "$(TEST_HOST)";
				CODE_SIGN_STYLE = Automatic;
				INFOPLIST_FILE = AttributedStringToolTests/Info.plist;
				LD_RUNPATH_SEARCH_PATHS = (
					"$(inherited)",
					"@executable_path/Frameworks",
					"@loader_path/Frameworks",
				);
				PRODUCT_BUNDLE_IDENTIFIER = yuyang.AttributedStringToolTests;
				PRODUCT_NAME = "$(TARGET_NAME)";
				TARGETED_DEVICE_FAMILY = "1,2";
				TEST_HOST = "$(BUILT_PRODUCTS_DIR)/AttributedStringTool.app/AttributedStringTool";
			};
			name = Release;
		};
		266C777620CE756400CEC666 /* Debug */ = {
			isa = XCBuildConfiguration;
			buildSettings = {
				CODE_SIGN_STYLE = Automatic;
				INFOPLIST_FILE = AttributedStringToolUITests/Info.plist;
				LD_RUNPATH_SEARCH_PATHS = (
					"$(inherited)",
					"@executable_path/Frameworks",
					"@loader_path/Frameworks",
				);
				PRODUCT_BUNDLE_IDENTIFIER = yuyang.AttributedStringToolUITests;
				PRODUCT_NAME = "$(TARGET_NAME)";
				TARGETED_DEVICE_FAMILY = "1,2";
				TEST_TARGET_NAME = AttributedStringTool;
			};
			name = Debug;
		};
		266C777720CE756400CEC666 /* Release */ = {
			isa = XCBuildConfiguration;
			buildSettings = {
				CODE_SIGN_STYLE = Automatic;
				INFOPLIST_FILE = AttributedStringToolUITests/Info.plist;
				LD_RUNPATH_SEARCH_PATHS = (
					"$(inherited)",
					"@executable_path/Frameworks",
					"@loader_path/Frameworks",
				);
				PRODUCT_BUNDLE_IDENTIFIER = yuyang.AttributedStringToolUITests;
				PRODUCT_NAME = "$(TARGET_NAME)";
				TARGETED_DEVICE_FAMILY = "1,2";
				TEST_TARGET_NAME = AttributedStringTool;
			};
			name = Release;
		};
/* End XCBuildConfiguration section */

/* Begin XCConfigurationList section */
		266C773E20CE756200CEC666 /* Build configuration list for PBXProject "AttributedStringTool" */ = {
			isa = XCConfigurationList;
			buildConfigurations = (
				266C776D20CE756400CEC666 /* Debug */,
				266C776E20CE756400CEC666 /* Release */,
			);
			defaultConfigurationIsVisible = 0;
			defaultConfigurationName = Release;
		};
		266C776F20CE756400CEC666 /* Build configuration list for PBXNativeTarget "AttributedStringTool" */ = {
			isa = XCConfigurationList;
			buildConfigurations = (
				266C777020CE756400CEC666 /* Debug */,
				266C777120CE756400CEC666 /* Release */,
			);
			defaultConfigurationIsVisible = 0;
			defaultConfigurationName = Release;
		};
		266C777220CE756400CEC666 /* Build configuration list for PBXNativeTarget "AttributedStringToolTests" */ = {
			isa = XCConfigurationList;
			buildConfigurations = (
				266C777320CE756400CEC666 /* Debug */,
				266C777420CE756400CEC666 /* Release */,
			);
			defaultConfigurationIsVisible = 0;
			defaultConfigurationName = Release;
		};
		266C777520CE756400CEC666 /* Build configuration list for PBXNativeTarget "AttributedStringToolUITests" */ = {
			isa = XCConfigurationList;
			buildConfigurations = (
				266C777620CE756400CEC666 /* Debug */,
				266C777720CE756400CEC666 /* Release */,
			);
			defaultConfigurationIsVisible = 0;
			defaultConfigurationName = Release;
		};
/* End XCConfigurationList section */
	};
	rootObject = 266C773B20CE756200CEC666 /* Project object */;
}
